
Microsoft Visual Studio Solution File, Format Version 12.00
# Visual Studio Version 17
VisualStudioVersion = 17.0.32126.317
MinimumVisualStudioVersion = 10.0.40219.1
Project("{9A19103F-16F7-4668-BE54-9A1E7A4F7556}") = "FlappyAlby.API", "FlappyAlby.API\FlappyAlby.API.csproj", "{B6F48AE5-CAEB-4AAC-974D-2958DB7F9741}"
EndProject
Project("{E53339B2-1760-4266-BCC7-CA923CBCF16C}") = "docker-compose", "docker-compose.dcproj", "{7B0BDFFA-C1F5-44E0-85B4-2F7A074CEFCE}"
EndProject
Global
	GlobalSection(SolutionConfigurationPlatforms) = preSolution
		Debug|Any CPU = Debug|Any CPU
		Release|Any CPU = Release|Any CPU
	EndGlobalSection
	GlobalSection(ProjectConfigurationPlatforms) = postSolution
		{B6F48AE5-CAEB-4AAC-974D-2958DB7F9741}.Debug|Any CPU.ActiveCfg = Debug|Any CPU
		{B6F48AE5-CAEB-4AAC-974D-2958DB7F9741}.Debug|Any CPU.Build.0 = Debug|Any CPU
		{B6F48AE5-CAEB-4AAC-974D-2958DB7F9741}.Release|Any CPU.ActiveCfg = Release|Any CPU
		{B6F48AE5-CAEB-4AAC-974D-2958DB7F9741}.Release|Any CPU.Build.0 = Release|Any CPU
		{7B0BDFFA-C1F5-44E0-85B4-2F7A074CEFCE}.Debug|Any CPU.ActiveCfg = Debug|Any CPU
		{7B0BDFFA-C1F5-44E0-85B4-2F7A074CEFCE}.Debug|Any CPU.Build.0 = Debug|Any CPU
		{7B0BDFFA-C1F5-44E0-85B4-2F7A074CEFCE}.Release|Any CPU.ActiveCfg = Release|Any CPU
		{7B0BDFFA-C1F5-44E0-85B4-2F7A074CEFCE}.Release|Any CPU.Build.0 = Release|Any CPU
	EndGlobalSection
	GlobalSection(SolutionProperties) = preSolution
		HideSolutionNode = FALSE
	EndGlobalSection
	GlobalSection(ExtensibilityGlobals) = postSolution
		SolutionGuid = {EDCC2CFD-4A03-4099-B313-204F1B611782}
	EndGlobalSection
EndGlobal
